
Microsoft Visual Studio Solution File, Format Version 12.00
# Visual Studio Version 17
VisualStudioVersion = 17.0.31903.59
MinimumVisualStudioVersion = 10.0.40219.1
Project("{9A19103F-16F7-4668-BE54-9A1E7A4F7556}") = "Tournament.DAL", "Tournament.DAL\Tournament.DAL.csproj", "{63DDC5C9-D459-4BDB-A474-B0B2B8DD423E}"
EndProject
Project("{9A19103F-16F7-4668-BE54-9A1E7A4F7556}") = "Tournament.DAL.Tests", "Tournament.DAL.Tests\Tournament.DAL.Tests.csproj", "{FF5369AD-71BA-4037-B080-75F9EB25F4F1}"
EndProject
Project("{9A19103F-16F7-4668-BE54-9A1E7A4F7556}") = "Tournament.API", "Tournament.API\Tournament.API.csproj", "{2C5E8727-8C16-4EA5-870F-B4A5AD6D3D15}"
EndProject
Project("{9A19103F-16F7-4668-BE54-9A1E7A4F7556}") = "Tournament.API.Tests", "Tournament.API.Tests\Tournament.API.Tests.csproj", "{7446E595-7DBB-4434-AC1E-F4EED947F0DE}"
EndProject
Project("{2150E333-8FDC-42A3-9474-1A3956D46DE8}") = "Solution Items", "Solution Items", "{F357098A-11AD-428B-AA97-4D06A82BAA64}"
	ProjectSection(SolutionItems) = preProject
		.editorconfig = .editorconfig
	EndProjectSection
EndProject
Project("{9A19103F-16F7-4668-BE54-9A1E7A4F7556}") = "Tournament.API.IntegrationTests", "Tournament.API.IntegrationTests\Tournament.API.IntegrationTests.csproj", "{D02235A9-6477-4B35-BA17-F51CFC2CBB1B}"
EndProject
Project("{9A19103F-16F7-4668-BE54-9A1E7A4F7556}") = "Tournament.Web", "Tournament.Web\Tournament.Web.csproj", "{8428B83E-AB9F-43B1-B1C0-7738CD3C3F8F}"
EndProject
Project("{2150E333-8FDC-42A3-9474-1A3956D46DE8}") = "Api", "Api", "{21FB5ADA-4A44-4364-ADB7-49D05B729B4A}"
EndProject
Project("{2150E333-8FDC-42A3-9474-1A3956D46DE8}") = "Web", "Web", "{A2C72008-A94E-4BBF-AB4C-D62B37CD1CB2}"
EndProject
Project("{9A19103F-16F7-4668-BE54-9A1E7A4F7556}") = "Tournament.Web.BL", "Tournament.Web.BL\Tournament.Web.BL.csproj", "{6AF18719-26AA-4B3C-839F-78F3AA792A18}"
EndProject
Project("{2150E333-8FDC-42A3-9474-1A3956D46DE8}") = "Common", "Common", "{A83FC821-41B0-4743-9C65-AB49E7685932}"
EndProject
Project("{9A19103F-16F7-4668-BE54-9A1E7A4F7556}") = "Tournament.Common.Models", "Tournament.Common.Models\Tournament.Common.Models.csproj", "{DBCD12A4-B0BC-4B9A-B488-6C7FFB61DD61}"
EndProject
Global
	GlobalSection(SolutionConfigurationPlatforms) = preSolution
		Debug|Any CPU = Debug|Any CPU
		Release|Any CPU = Release|Any CPU
	EndGlobalSection
	GlobalSection(ProjectConfigurationPlatforms) = postSolution
		{63DDC5C9-D459-4BDB-A474-B0B2B8DD423E}.Debug|Any CPU.ActiveCfg = Debug|Any CPU
		{63DDC5C9-D459-4BDB-A474-B0B2B8DD423E}.Debug|Any CPU.Build.0 = Debug|Any CPU
		{63DDC5C9-D459-4BDB-A474-B0B2B8DD423E}.Release|Any CPU.ActiveCfg = Release|Any CPU
		{63DDC5C9-D459-4BDB-A474-B0B2B8DD423E}.Release|Any CPU.Build.0 = Release|Any CPU
		{FF5369AD-71BA-4037-B080-75F9EB25F4F1}.Debug|Any CPU.ActiveCfg = Debug|Any CPU
		{FF5369AD-71BA-4037-B080-75F9EB25F4F1}.Debug|Any CPU.Build.0 = Debug|Any CPU
		{FF5369AD-71BA-4037-B080-75F9EB25F4F1}.Release|Any CPU.ActiveCfg = Release|Any CPU
		{FF5369AD-71BA-4037-B080-75F9EB25F4F1}.Release|Any CPU.Build.0 = Release|Any CPU
		{2C5E8727-8C16-4EA5-870F-B4A5AD6D3D15}.Debug|Any CPU.ActiveCfg = Debug|Any CPU
		{2C5E8727-8C16-4EA5-870F-B4A5AD6D3D15}.Debug|Any CPU.Build.0 = Debug|Any CPU
		{2C5E8727-8C16-4EA5-870F-B4A5AD6D3D15}.Release|Any CPU.ActiveCfg = Release|Any CPU
		{2C5E8727-8C16-4EA5-870F-B4A5AD6D3D15}.Release|Any CPU.Build.0 = Release|Any CPU
		{7446E595-7DBB-4434-AC1E-F4EED947F0DE}.Debug|Any CPU.ActiveCfg = Debug|Any CPU
		{7446E595-7DBB-4434-AC1E-F4EED947F0DE}.Debug|Any CPU.Build.0 = Debug|Any CPU
		{7446E595-7DBB-4434-AC1E-F4EED947F0DE}.Release|Any CPU.ActiveCfg = Release|Any CPU
		{7446E595-7DBB-4434-AC1E-F4EED947F0DE}.Release|Any CPU.Build.0 = Release|Any CPU
		{D02235A9-6477-4B35-BA17-F51CFC2CBB1B}.Debug|Any CPU.ActiveCfg = Debug|Any CPU
		{D02235A9-6477-4B35-BA17-F51CFC2CBB1B}.Debug|Any CPU.Build.0 = Debug|Any CPU
		{D02235A9-6477-4B35-BA17-F51CFC2CBB1B}.Release|Any CPU.ActiveCfg = Release|Any CPU
		{D02235A9-6477-4B35-BA17-F51CFC2CBB1B}.Release|Any CPU.Build.0 = Release|Any CPU
		{8428B83E-AB9F-43B1-B1C0-7738CD3C3F8F}.Debug|Any CPU.ActiveCfg = Debug|Any CPU
		{8428B83E-AB9F-43B1-B1C0-7738CD3C3F8F}.Debug|Any CPU.Build.0 = Debug|Any CPU
		{8428B83E-AB9F-43B1-B1C0-7738CD3C3F8F}.Release|Any CPU.ActiveCfg = Release|Any CPU
		{8428B83E-AB9F-43B1-B1C0-7738CD3C3F8F}.Release|Any CPU.Build.0 = Release|Any CPU
		{6AF18719-26AA-4B3C-839F-78F3AA792A18}.Debug|Any CPU.ActiveCfg = Debug|Any CPU
		{6AF18719-26AA-4B3C-839F-78F3AA792A18}.Debug|Any CPU.Build.0 = Debug|Any CPU
		{6AF18719-26AA-4B3C-839F-78F3AA792A18}.Release|Any CPU.ActiveCfg = Release|Any CPU
		{6AF18719-26AA-4B3C-839F-78F3AA792A18}.Release|Any CPU.Build.0 = Release|Any CPU
		{DBCD12A4-B0BC-4B9A-B488-6C7FFB61DD61}.Debug|Any CPU.ActiveCfg = Debug|Any CPU
		{DBCD12A4-B0BC-4B9A-B488-6C7FFB61DD61}.Debug|Any CPU.Build.0 = Debug|Any CPU
		{DBCD12A4-B0BC-4B9A-B488-6C7FFB61DD61}.Release|Any CPU.ActiveCfg = Release|Any CPU
		{DBCD12A4-B0BC-4B9A-B488-6C7FFB61DD61}.Release|Any CPU.Build.0 = Release|Any CPU
	EndGlobalSection
	GlobalSection(SolutionProperties) = preSolution
		HideSolutionNode = FALSE
	EndGlobalSection
	GlobalSection(NestedProjects) = preSolution
		{63DDC5C9-D459-4BDB-A474-B0B2B8DD423E} = {21FB5ADA-4A44-4364-ADB7-49D05B729B4A}
		{FF5369AD-71BA-4037-B080-75F9EB25F4F1} = {21FB5ADA-4A44-4364-ADB7-49D05B729B4A}
		{2C5E8727-8C16-4EA5-870F-B4A5AD6D3D15} = {21FB5ADA-4A44-4364-ADB7-49D05B729B4A}
		{7446E595-7DBB-4434-AC1E-F4EED947F0DE} = {21FB5ADA-4A44-4364-ADB7-49D05B729B4A}
		{F357098A-11AD-428B-AA97-4D06A82BAA64} = {A2C72008-A94E-4BBF-AB4C-D62B37CD1CB2}
		{D02235A9-6477-4B35-BA17-F51CFC2CBB1B} = {21FB5ADA-4A44-4364-ADB7-49D05B729B4A}
		{8428B83E-AB9F-43B1-B1C0-7738CD3C3F8F} = {A2C72008-A94E-4BBF-AB4C-D62B37CD1CB2}
		{6AF18719-26AA-4B3C-839F-78F3AA792A18} = {A2C72008-A94E-4BBF-AB4C-D62B37CD1CB2}
		{DBCD12A4-B0BC-4B9A-B488-6C7FFB61DD61} = {A83FC821-41B0-4743-9C65-AB49E7685932}
	EndGlobalSection
	GlobalSection(ExtensibilityGlobals) = postSolution
		SolutionGuid = {541B695F-3392-4344-8C1E-33BDB93651C4}
	EndGlobalSection
EndGlobal
